
Microsoft Visual Studio Solution File, Format Version 12.00
# Visual Studio Version 16
VisualStudioVersion = 16.0.31515.178
MinimumVisualStudioVersion = 10.0.40219.1
Project("{FAE04EC0-301F-11D3-BF4B-00C04F79EFBC}") = "MongoDbAPI", "MongoDbAPI\MongoDbAPI.csproj", "{4E0AB8A9-CA99-4D50-B694-D059C43028A2}"
EndProject
Project("{2150E333-8FDC-42A3-9474-1A3956D46DE8}") = "Models", "Models", "{575FDE80-5AF9-4647-8214-FE33F24EFE46}"
EndProject
Global
	GlobalSection(SolutionConfigurationPlatforms) = preSolution
		Debug|Any CPU = Debug|Any CPU
		Release|Any CPU = Release|Any CPU
	EndGlobalSection
	GlobalSection(ProjectConfigurationPlatforms) = postSolution
		{4E0AB8A9-CA99-4D50-B694-D059C43028A2}.Debug|Any CPU.ActiveCfg = Debug|Any CPU
		{4E0AB8A9-CA99-4D50-B694-D059C43028A2}.Debug|Any CPU.Build.0 = Debug|Any CPU
		{4E0AB8A9-CA99-4D50-B694-D059C43028A2}.Release|Any CPU.ActiveCfg = Release|Any CPU
		{4E0AB8A9-CA99-4D50-B694-D059C43028A2}.Release|Any CPU.Build.0 = Release|Any CPU
	EndGlobalSection
	GlobalSection(SolutionProperties) = preSolution
		HideSolutionNode = FALSE
	EndGlobalSection
	GlobalSection(ExtensibilityGlobals) = postSolution
		SolutionGuid = {DCFA5286-3443-4C74-AF22-FE6B61480C47}
	EndGlobalSection
EndGlobal
